
Microsoft Visual Studio Solution File, Format Version 12.00
# Visual Studio Version 16
VisualStudioVersion = 16.0.30002.166
MinimumVisualStudioVersion = 10.0.40219.1
Project("{2150E333-8FDC-42A3-9474-1A3956D46DE8}") = "src", "src", "{55AAE376-7F20-4323-9439-822B879D18BD}"
EndProject
Project("{2150E333-8FDC-42A3-9474-1A3956D46DE8}") = "test", "test", "{BDF876A2-B5A1-42A3-90C0-7D0A7F4B4E91}"
EndProject
Project("{9A19103F-16F7-4668-BE54-9A1E7A4F7556}") = "Munchkin.Core", "src\Munchkin.Core\Munchkin.Core.csproj", "{B0C54DB6-CA0B-41BF-93D5-458F04E60057}"
EndProject
Project("{9A19103F-16F7-4668-BE54-9A1E7A4F7556}") = "Munchkin.Core.Tests", "tests\Munchkin.Core.Tests\Munchkin.Core.Tests.csproj", "{92E6611C-9D80-4B5D-9CB8-085AAA9F5FBF}"
EndProject
Project("{9A19103F-16F7-4668-BE54-9A1E7A4F7556}") = "Munchkin.Runtime", "src\Munchkin.Runtime\Munchkin.Runtime.csproj", "{564F5ADF-47DE-4A98-88C1-7F0379D2D08F}"
EndProject
Project("{9A19103F-16F7-4668-BE54-9A1E7A4F7556}") = "Munchkin.Runtime.Tests", "tests\Munchkin.Runtime.Tests\Munchkin.Runtime.Tests.csproj", "{57156602-319C-4D60-9AB1-E19785090A43}"
EndProject
Project("{9A19103F-16F7-4668-BE54-9A1E7A4F7556}") = "Munchkin.Api", "src\Munchkin.Api\Munchkin.Api.csproj", "{64027F34-A903-4DFE-85A9-AFF702DBFF80}"
EndProject
Project("{9A19103F-16F7-4668-BE54-9A1E7A4F7556}") = "Munchkin.Runtime.Client", "src\Munchkin.Runtime.Client\Munchkin.Runtime.Client.csproj", "{DD202AD8-CBA9-42DD-A4A0-AA8471E5BBD7}"
EndProject
Project("{9A19103F-16F7-4668-BE54-9A1E7A4F7556}") = "Munchkin.Runtime.Silo", "src\Munchkin.Runtime.Silo\Munchkin.Runtime.Silo.csproj", "{F934A725-DA89-490A-A40C-3DACAC334FFF}"
EndProject
Project("{9A19103F-16F7-4668-BE54-9A1E7A4F7556}") = "Munchkin.Runtime.Abstractions", "src\Munchkin.Runtime.Abstractions\Munchkin.Runtime.Abstractions.csproj", "{5948CE68-FF40-4109-AF0D-FF5E384E24DD}"
EndProject
Project("{9A19103F-16F7-4668-BE54-9A1E7A4F7556}") = "Munchkin.Runtime.Client.Tests", "tests\Munchkin.Runtime.Client.Tests\Munchkin.Runtime.Client.Tests.csproj", "{7CE8F0D6-A992-49DB-A6DB-2193A869B54B}"
EndProject
Project("{FAE04EC0-301F-11D3-BF4B-00C04F79EFBC}") = "Munchkin.Expansion.Deluxe", "src\Munchkin.Expansion.Deluxe\Munchkin.Expansion.Deluxe.csproj", "{9234D21B-1ED4-4A9B-A249-C43C68572E63}"
EndProject
Project("{FAE04EC0-301F-11D3-BF4B-00C04F79EFBC}") = "Munchkin.Services.Lobby", "src\Munchkin.Services.Lobby\Munchkin.Services.Lobby.csproj", "{25092E33-C4CE-4BEC-8299-9E48C9E49AAD}"
EndProject
Project("{FAE04EC0-301F-11D3-BF4B-00C04F79EFBC}") = "Munchkin.Services.Lobby.Tests", "tests\Munchkin.Services.Lobby.Tests\Munchkin.Services.Lobby.Tests.csproj", "{80747FBE-EEC3-406D-9204-5426F683D403}"
EndProject
Global
	GlobalSection(SolutionConfigurationPlatforms) = preSolution
		Debug|Any CPU = Debug|Any CPU
		Release|Any CPU = Release|Any CPU
	EndGlobalSection
	GlobalSection(ProjectConfigurationPlatforms) = postSolution
		{B0C54DB6-CA0B-41BF-93D5-458F04E60057}.Debug|Any CPU.ActiveCfg = Debug|Any CPU
		{B0C54DB6-CA0B-41BF-93D5-458F04E60057}.Debug|Any CPU.Build.0 = Debug|Any CPU
		{B0C54DB6-CA0B-41BF-93D5-458F04E60057}.Release|Any CPU.ActiveCfg = Release|Any CPU
		{B0C54DB6-CA0B-41BF-93D5-458F04E60057}.Release|Any CPU.Build.0 = Release|Any CPU
		{92E6611C-9D80-4B5D-9CB8-085AAA9F5FBF}.Debug|Any CPU.ActiveCfg = Debug|Any CPU
		{92E6611C-9D80-4B5D-9CB8-085AAA9F5FBF}.Debug|Any CPU.Build.0 = Debug|Any CPU
		{92E6611C-9D80-4B5D-9CB8-085AAA9F5FBF}.Release|Any CPU.ActiveCfg = Release|Any CPU
		{92E6611C-9D80-4B5D-9CB8-085AAA9F5FBF}.Release|Any CPU.Build.0 = Release|Any CPU
		{564F5ADF-47DE-4A98-88C1-7F0379D2D08F}.Debug|Any CPU.ActiveCfg = Debug|Any CPU
		{564F5ADF-47DE-4A98-88C1-7F0379D2D08F}.Debug|Any CPU.Build.0 = Debug|Any CPU
		{564F5ADF-47DE-4A98-88C1-7F0379D2D08F}.Release|Any CPU.ActiveCfg = Release|Any CPU
		{564F5ADF-47DE-4A98-88C1-7F0379D2D08F}.Release|Any CPU.Build.0 = Release|Any CPU
		{57156602-319C-4D60-9AB1-E19785090A43}.Debug|Any CPU.ActiveCfg = Debug|Any CPU
		{57156602-319C-4D60-9AB1-E19785090A43}.Debug|Any CPU.Build.0 = Debug|Any CPU
		{57156602-319C-4D60-9AB1-E19785090A43}.Release|Any CPU.ActiveCfg = Release|Any CPU
		{57156602-319C-4D60-9AB1-E19785090A43}.Release|Any CPU.Build.0 = Release|Any CPU
		{64027F34-A903-4DFE-85A9-AFF702DBFF80}.Debug|Any CPU.ActiveCfg = Debug|Any CPU
		{64027F34-A903-4DFE-85A9-AFF702DBFF80}.Debug|Any CPU.Build.0 = Debug|Any CPU
		{64027F34-A903-4DFE-85A9-AFF702DBFF80}.Release|Any CPU.ActiveCfg = Release|Any CPU
		{64027F34-A903-4DFE-85A9-AFF702DBFF80}.Release|Any CPU.Build.0 = Release|Any CPU
		{DD202AD8-CBA9-42DD-A4A0-AA8471E5BBD7}.Debug|Any CPU.ActiveCfg = Debug|Any CPU
		{DD202AD8-CBA9-42DD-A4A0-AA8471E5BBD7}.Debug|Any CPU.Build.0 = Debug|Any CPU
		{DD202AD8-CBA9-42DD-A4A0-AA8471E5BBD7}.Release|Any CPU.ActiveCfg = Release|Any CPU
		{DD202AD8-CBA9-42DD-A4A0-AA8471E5BBD7}.Release|Any CPU.Build.0 = Release|Any CPU
		{F934A725-DA89-490A-A40C-3DACAC334FFF}.Debug|Any CPU.ActiveCfg = Debug|Any CPU
		{F934A725-DA89-490A-A40C-3DACAC334FFF}.Debug|Any CPU.Build.0 = Debug|Any CPU
		{F934A725-DA89-490A-A40C-3DACAC334FFF}.Release|Any CPU.ActiveCfg = Release|Any CPU
		{F934A725-DA89-490A-A40C-3DACAC334FFF}.Release|Any CPU.Build.0 = Release|Any CPU
		{5948CE68-FF40-4109-AF0D-FF5E384E24DD}.Debug|Any CPU.ActiveCfg = Debug|Any CPU
		{5948CE68-FF40-4109-AF0D-FF5E384E24DD}.Debug|Any CPU.Build.0 = Debug|Any CPU
		{5948CE68-FF40-4109-AF0D-FF5E384E24DD}.Release|Any CPU.ActiveCfg = Release|Any CPU
		{5948CE68-FF40-4109-AF0D-FF5E384E24DD}.Release|Any CPU.Build.0 = Release|Any CPU
		{7CE8F0D6-A992-49DB-A6DB-2193A869B54B}.Debug|Any CPU.ActiveCfg = Debug|Any CPU
		{7CE8F0D6-A992-49DB-A6DB-2193A869B54B}.Debug|Any CPU.Build.0 = Debug|Any CPU
		{7CE8F0D6-A992-49DB-A6DB-2193A869B54B}.Release|Any CPU.ActiveCfg = Release|Any CPU
		{7CE8F0D6-A992-49DB-A6DB-2193A869B54B}.Release|Any CPU.Build.0 = Release|Any CPU
		{9234D21B-1ED4-4A9B-A249-C43C68572E63}.Debug|Any CPU.ActiveCfg = Debug|Any CPU
		{9234D21B-1ED4-4A9B-A249-C43C68572E63}.Debug|Any CPU.Build.0 = Debug|Any CPU
		{9234D21B-1ED4-4A9B-A249-C43C68572E63}.Release|Any CPU.ActiveCfg = Release|Any CPU
		{9234D21B-1ED4-4A9B-A249-C43C68572E63}.Release|Any CPU.Build.0 = Release|Any CPU
		{25092E33-C4CE-4BEC-8299-9E48C9E49AAD}.Debug|Any CPU.ActiveCfg = Debug|Any CPU
		{25092E33-C4CE-4BEC-8299-9E48C9E49AAD}.Debug|Any CPU.Build.0 = Debug|Any CPU
		{25092E33-C4CE-4BEC-8299-9E48C9E49AAD}.Release|Any CPU.ActiveCfg = Release|Any CPU
		{25092E33-C4CE-4BEC-8299-9E48C9E49AAD}.Release|Any CPU.Build.0 = Release|Any CPU
		{80747FBE-EEC3-406D-9204-5426F683D403}.Debug|Any CPU.ActiveCfg = Debug|Any CPU
		{80747FBE-EEC3-406D-9204-5426F683D403}.Debug|Any CPU.Build.0 = Debug|Any CPU
		{80747FBE-EEC3-406D-9204-5426F683D403}.Release|Any CPU.ActiveCfg = Release|Any CPU
		{80747FBE-EEC3-406D-9204-5426F683D403}.Release|Any CPU.Build.0 = Release|Any CPU
	EndGlobalSection
	GlobalSection(SolutionProperties) = preSolution
		HideSolutionNode = FALSE
	EndGlobalSection
	GlobalSection(NestedProjects) = preSolution
		{B0C54DB6-CA0B-41BF-93D5-458F04E60057} = {55AAE376-7F20-4323-9439-822B879D18BD}
		{92E6611C-9D80-4B5D-9CB8-085AAA9F5FBF} = {BDF876A2-B5A1-42A3-90C0-7D0A7F4B4E91}
		{564F5ADF-47DE-4A98-88C1-7F0379D2D08F} = {55AAE376-7F20-4323-9439-822B879D18BD}
		{57156602-319C-4D60-9AB1-E19785090A43} = {BDF876A2-B5A1-42A3-90C0-7D0A7F4B4E91}
		{64027F34-A903-4DFE-85A9-AFF702DBFF80} = {55AAE376-7F20-4323-9439-822B879D18BD}
		{DD202AD8-CBA9-42DD-A4A0-AA8471E5BBD7} = {55AAE376-7F20-4323-9439-822B879D18BD}
		{F934A725-DA89-490A-A40C-3DACAC334FFF} = {55AAE376-7F20-4323-9439-822B879D18BD}
		{5948CE68-FF40-4109-AF0D-FF5E384E24DD} = {55AAE376-7F20-4323-9439-822B879D18BD}
		{7CE8F0D6-A992-49DB-A6DB-2193A869B54B} = {BDF876A2-B5A1-42A3-90C0-7D0A7F4B4E91}
		{9234D21B-1ED4-4A9B-A249-C43C68572E63} = {55AAE376-7F20-4323-9439-822B879D18BD}
		{25092E33-C4CE-4BEC-8299-9E48C9E49AAD} = {55AAE376-7F20-4323-9439-822B879D18BD}
		{80747FBE-EEC3-406D-9204-5426F683D403} = {BDF876A2-B5A1-42A3-90C0-7D0A7F4B4E91}
	EndGlobalSection
	GlobalSection(ExtensibilityGlobals) = postSolution
		SolutionGuid = {D6ACC538-B9BF-4082-867E-BF1D08CB949D}
	EndGlobalSection
EndGlobal
