
Microsoft Visual Studio Solution File, Format Version 12.00
# Visual Studio Version 16
VisualStudioVersion = 16.0.30002.166
MinimumVisualStudioVersion = 10.0.40219.1
Project("{2150E333-8FDC-42A3-9474-1A3956D46DE8}") = "src", "src", "{55AAE376-7F20-4323-9439-822B879D18BD}"
EndProject
Project("{2150E333-8FDC-42A3-9474-1A3956D46DE8}") = "test", "test", "{BDF876A2-B5A1-42A3-90C0-7D0A7F4B4E91}"
EndProject
Project("{9A19103F-16F7-4668-BE54-9A1E7A4F7556}") = "Munchkin.Core", "src\Munchkin.Core\Munchkin.Core.csproj", "{B0C54DB6-CA0B-41BF-93D5-458F04E60057}"
EndProject
Project("{9A19103F-16F7-4668-BE54-9A1E7A4F7556}") = "Munchkin.Core.Tests", "tests\Munchkin.Core.Tests\Munchkin.Core.Tests.csproj", "{92E6611C-9D80-4B5D-9CB8-085AAA9F5FBF}"
EndProject
Project("{9A19103F-16F7-4668-BE54-9A1E7A4F7556}") = "Munchkin.Infrastructure", "src\Munchkin.Infrastructure\Munchkin.Infrastructure.csproj", "{E5B52F8C-5BE4-48EA-8E36-5A7A86BED1C4}"
EndProject
Project("{9A19103F-16F7-4668-BE54-9A1E7A4F7556}") = "Munchkin.Infrastructure.Tests", "tests\Munchkin.Infrastructure.Tests\Munchkin.Infrastructure.Tests.csproj", "{252A4161-540B-47D3-A915-97DE0DEA55FB}"
EndProject
Project("{FAE04EC0-301F-11D3-BF4B-00C04F79EFBC}") = "Munchkin.Runtime", "src\Munchkin.Runtime\Munchkin.Runtime.csproj", "{564F5ADF-47DE-4A98-88C1-7F0379D2D08F}"
EndProject
Project("{FAE04EC0-301F-11D3-BF4B-00C04F79EFBC}") = "Munchkin.Runtime.Tests", "tests\Munchkin.Runtime.Tests\Munchkin.Runtime.Tests.csproj", "{57156602-319C-4D60-9AB1-E19785090A43}"
EndProject
Global
	GlobalSection(SolutionConfigurationPlatforms) = preSolution
		Debug|Any CPU = Debug|Any CPU
		Release|Any CPU = Release|Any CPU
	EndGlobalSection
	GlobalSection(ProjectConfigurationPlatforms) = postSolution
		{B0C54DB6-CA0B-41BF-93D5-458F04E60057}.Debug|Any CPU.ActiveCfg = Debug|Any CPU
		{B0C54DB6-CA0B-41BF-93D5-458F04E60057}.Debug|Any CPU.Build.0 = Debug|Any CPU
		{B0C54DB6-CA0B-41BF-93D5-458F04E60057}.Release|Any CPU.ActiveCfg = Release|Any CPU
		{B0C54DB6-CA0B-41BF-93D5-458F04E60057}.Release|Any CPU.Build.0 = Release|Any CPU
		{92E6611C-9D80-4B5D-9CB8-085AAA9F5FBF}.Debug|Any CPU.ActiveCfg = Debug|Any CPU
		{92E6611C-9D80-4B5D-9CB8-085AAA9F5FBF}.Debug|Any CPU.Build.0 = Debug|Any CPU
		{92E6611C-9D80-4B5D-9CB8-085AAA9F5FBF}.Release|Any CPU.ActiveCfg = Release|Any CPU
		{92E6611C-9D80-4B5D-9CB8-085AAA9F5FBF}.Release|Any CPU.Build.0 = Release|Any CPU
		{E5B52F8C-5BE4-48EA-8E36-5A7A86BED1C4}.Debug|Any CPU.ActiveCfg = Debug|Any CPU
		{E5B52F8C-5BE4-48EA-8E36-5A7A86BED1C4}.Debug|Any CPU.Build.0 = Debug|Any CPU
		{E5B52F8C-5BE4-48EA-8E36-5A7A86BED1C4}.Release|Any CPU.ActiveCfg = Release|Any CPU
		{E5B52F8C-5BE4-48EA-8E36-5A7A86BED1C4}.Release|Any CPU.Build.0 = Release|Any CPU
		{252A4161-540B-47D3-A915-97DE0DEA55FB}.Debug|Any CPU.ActiveCfg = Debug|Any CPU
		{252A4161-540B-47D3-A915-97DE0DEA55FB}.Debug|Any CPU.Build.0 = Debug|Any CPU
		{252A4161-540B-47D3-A915-97DE0DEA55FB}.Release|Any CPU.ActiveCfg = Release|Any CPU
		{252A4161-540B-47D3-A915-97DE0DEA55FB}.Release|Any CPU.Build.0 = Release|Any CPU
		{564F5ADF-47DE-4A98-88C1-7F0379D2D08F}.Debug|Any CPU.ActiveCfg = Debug|Any CPU
		{564F5ADF-47DE-4A98-88C1-7F0379D2D08F}.Debug|Any CPU.Build.0 = Debug|Any CPU
		{564F5ADF-47DE-4A98-88C1-7F0379D2D08F}.Release|Any CPU.ActiveCfg = Release|Any CPU
		{564F5ADF-47DE-4A98-88C1-7F0379D2D08F}.Release|Any CPU.Build.0 = Release|Any CPU
		{57156602-319C-4D60-9AB1-E19785090A43}.Debug|Any CPU.ActiveCfg = Debug|Any CPU
		{57156602-319C-4D60-9AB1-E19785090A43}.Debug|Any CPU.Build.0 = Debug|Any CPU
		{57156602-319C-4D60-9AB1-E19785090A43}.Release|Any CPU.ActiveCfg = Release|Any CPU
		{57156602-319C-4D60-9AB1-E19785090A43}.Release|Any CPU.Build.0 = Release|Any CPU
	EndGlobalSection
	GlobalSection(SolutionProperties) = preSolution
		HideSolutionNode = FALSE
	EndGlobalSection
	GlobalSection(NestedProjects) = preSolution
		{B0C54DB6-CA0B-41BF-93D5-458F04E60057} = {55AAE376-7F20-4323-9439-822B879D18BD}
		{92E6611C-9D80-4B5D-9CB8-085AAA9F5FBF} = {BDF876A2-B5A1-42A3-90C0-7D0A7F4B4E91}
		{E5B52F8C-5BE4-48EA-8E36-5A7A86BED1C4} = {55AAE376-7F20-4323-9439-822B879D18BD}
		{252A4161-540B-47D3-A915-97DE0DEA55FB} = {BDF876A2-B5A1-42A3-90C0-7D0A7F4B4E91}
		{564F5ADF-47DE-4A98-88C1-7F0379D2D08F} = {55AAE376-7F20-4323-9439-822B879D18BD}
		{57156602-319C-4D60-9AB1-E19785090A43} = {BDF876A2-B5A1-42A3-90C0-7D0A7F4B4E91}
	EndGlobalSection
	GlobalSection(ExtensibilityGlobals) = postSolution
		SolutionGuid = {D6ACC538-B9BF-4082-867E-BF1D08CB949D}
	EndGlobalSection
EndGlobal
